
Microsoft Visual Studio Solution File, Format Version 12.00
# Visual Studio 14
VisualStudioVersion = 14.0.23107.0
MinimumVisualStudioVersion = 10.0.40219.1
Project("{FAE04EC0-301F-11D3-BF4B-00C04F79EFBC}") = "SaveMyDay.WebApi", "SaveMyDay.WebApi\SaveMyDay.WebApi.csproj", "{4B6CB61F-7B83-4B1F-BFBE-F4B84E092338}"
EndProject
Project("{FAE04EC0-301F-11D3-BF4B-00C04F79EFBC}") = "SaveMyDay.WebApi.Tests", "SaveMyDay.WebApi.Tests\SaveMyDay.WebApi.Tests.csproj", "{3D1B0CFD-4AE9-4211-BEBC-86BEAB5D7544}"
EndProject
Project("{FAE04EC0-301F-11D3-BF4B-00C04F79EFBC}") = "SaveMyDay.DomainServicess", "SaveMyDay.DomainServicess\SaveMyDay.DomainServicess.csproj", "{006973DA-05AF-4996-B53F-5B1CD93317CC}"
EndProject
Project("{FAE04EC0-301F-11D3-BF4B-00C04F79EFBC}") = "SaveMyDate.Entities", "SaveMyDate.Entities\SaveMyDate.Entities.csproj", "{6568170B-243D-4F17-85D2-8369F78686F8}"
EndProject
Project("{FAE04EC0-301F-11D3-BF4B-00C04F79EFBC}") = "SaveMayDay.Common", "SaveMayDay.Common\SaveMayDay.Common.csproj", "{386BB575-B30F-4394-AB44-D3EAFB1E5497}"
EndProject
Project("{FAE04EC0-301F-11D3-BF4B-00C04F79EFBC}") = "TestClientForControlers", "TestClientForControlers\TestClientForControlers.csproj", "{8818AE7A-0046-4ECF-B2F9-189C79BA906A}"
EndProject
Project("{FAE04EC0-301F-11D3-BF4B-00C04F79EFBC}") = "SaveMyDay.Algoritem", "SaveMyDay.Algoritem\SaveMyDay.Algoritem.csproj", "{1E415541-C674-49F4-AD48-FF94A4B4E760}"
EndProject
Project("{FAE04EC0-301F-11D3-BF4B-00C04F79EFBC}") = "SaveMyDay.ServerLogic", "SaveMyDay.ServerLogic\SaveMyDay.ServerLogic.csproj", "{CECA92A3-AE2A-4E60-9F50-DBAD463BBBCF}"
EndProject
Project("{FAE04EC0-301F-11D3-BF4B-00C04F79EFBC}") = "SaveMyDay.CompanyHandler", "SaveMyDay.CompanyHandler\SaveMyDay.CompanyHandler.csproj", "{047207FF-A15C-49E9-8CF6-E3D815D215A0}"
EndProject
Project("{FAE04EC0-301F-11D3-BF4B-00C04F79EFBC}") = "SaveMyDay.CompanySimulator", "SaveMyDay.CompanySimulator\SaveMyDay.CompanySimulator.csproj", "{2028B24F-E650-419A-AF9C-1A4097F6DCD4}"
EndProject
Project("{FAE04EC0-301F-11D3-BF4B-00C04F79EFBC}") = "SaveMyDay.ClientSide", "SaveMyDay.ClientSide\SaveMyDay.ClientSide.csproj", "{C4C36AA5-B76C-4993-B468-91ABED7E455F}"
EndProject
Global
	GlobalSection(SolutionConfigurationPlatforms) = preSolution
		Debug|Any CPU = Debug|Any CPU
		Release|Any CPU = Release|Any CPU
	EndGlobalSection
	GlobalSection(ProjectConfigurationPlatforms) = postSolution
		{4B6CB61F-7B83-4B1F-BFBE-F4B84E092338}.Debug|Any CPU.ActiveCfg = Debug|Any CPU
		{4B6CB61F-7B83-4B1F-BFBE-F4B84E092338}.Debug|Any CPU.Build.0 = Debug|Any CPU
		{4B6CB61F-7B83-4B1F-BFBE-F4B84E092338}.Release|Any CPU.ActiveCfg = Release|Any CPU
		{4B6CB61F-7B83-4B1F-BFBE-F4B84E092338}.Release|Any CPU.Build.0 = Release|Any CPU
		{3D1B0CFD-4AE9-4211-BEBC-86BEAB5D7544}.Debug|Any CPU.ActiveCfg = Debug|Any CPU
		{3D1B0CFD-4AE9-4211-BEBC-86BEAB5D7544}.Debug|Any CPU.Build.0 = Debug|Any CPU
		{3D1B0CFD-4AE9-4211-BEBC-86BEAB5D7544}.Release|Any CPU.ActiveCfg = Release|Any CPU
		{3D1B0CFD-4AE9-4211-BEBC-86BEAB5D7544}.Release|Any CPU.Build.0 = Release|Any CPU
		{006973DA-05AF-4996-B53F-5B1CD93317CC}.Debug|Any CPU.ActiveCfg = Debug|Any CPU
		{006973DA-05AF-4996-B53F-5B1CD93317CC}.Debug|Any CPU.Build.0 = Debug|Any CPU
		{006973DA-05AF-4996-B53F-5B1CD93317CC}.Release|Any CPU.ActiveCfg = Release|Any CPU
		{006973DA-05AF-4996-B53F-5B1CD93317CC}.Release|Any CPU.Build.0 = Release|Any CPU
		{6568170B-243D-4F17-85D2-8369F78686F8}.Debug|Any CPU.ActiveCfg = Debug|Any CPU
		{6568170B-243D-4F17-85D2-8369F78686F8}.Debug|Any CPU.Build.0 = Debug|Any CPU
		{6568170B-243D-4F17-85D2-8369F78686F8}.Release|Any CPU.ActiveCfg = Release|Any CPU
		{6568170B-243D-4F17-85D2-8369F78686F8}.Release|Any CPU.Build.0 = Release|Any CPU
		{386BB575-B30F-4394-AB44-D3EAFB1E5497}.Debug|Any CPU.ActiveCfg = Debug|Any CPU
		{386BB575-B30F-4394-AB44-D3EAFB1E5497}.Debug|Any CPU.Build.0 = Debug|Any CPU
		{386BB575-B30F-4394-AB44-D3EAFB1E5497}.Release|Any CPU.ActiveCfg = Release|Any CPU
		{386BB575-B30F-4394-AB44-D3EAFB1E5497}.Release|Any CPU.Build.0 = Release|Any CPU
		{8818AE7A-0046-4ECF-B2F9-189C79BA906A}.Debug|Any CPU.ActiveCfg = Debug|Any CPU
		{8818AE7A-0046-4ECF-B2F9-189C79BA906A}.Debug|Any CPU.Build.0 = Debug|Any CPU
		{8818AE7A-0046-4ECF-B2F9-189C79BA906A}.Release|Any CPU.ActiveCfg = Release|Any CPU
		{8818AE7A-0046-4ECF-B2F9-189C79BA906A}.Release|Any CPU.Build.0 = Release|Any CPU
		{1E415541-C674-49F4-AD48-FF94A4B4E760}.Debug|Any CPU.ActiveCfg = Debug|Any CPU
		{1E415541-C674-49F4-AD48-FF94A4B4E760}.Debug|Any CPU.Build.0 = Debug|Any CPU
		{1E415541-C674-49F4-AD48-FF94A4B4E760}.Release|Any CPU.ActiveCfg = Release|Any CPU
		{1E415541-C674-49F4-AD48-FF94A4B4E760}.Release|Any CPU.Build.0 = Release|Any CPU
		{CECA92A3-AE2A-4E60-9F50-DBAD463BBBCF}.Debug|Any CPU.ActiveCfg = Debug|Any CPU
		{CECA92A3-AE2A-4E60-9F50-DBAD463BBBCF}.Debug|Any CPU.Build.0 = Debug|Any CPU
		{CECA92A3-AE2A-4E60-9F50-DBAD463BBBCF}.Release|Any CPU.ActiveCfg = Release|Any CPU
		{CECA92A3-AE2A-4E60-9F50-DBAD463BBBCF}.Release|Any CPU.Build.0 = Release|Any CPU
		{047207FF-A15C-49E9-8CF6-E3D815D215A0}.Debug|Any CPU.ActiveCfg = Debug|Any CPU
		{047207FF-A15C-49E9-8CF6-E3D815D215A0}.Debug|Any CPU.Build.0 = Debug|Any CPU
		{047207FF-A15C-49E9-8CF6-E3D815D215A0}.Release|Any CPU.ActiveCfg = Release|Any CPU
		{047207FF-A15C-49E9-8CF6-E3D815D215A0}.Release|Any CPU.Build.0 = Release|Any CPU
		{2028B24F-E650-419A-AF9C-1A4097F6DCD4}.Debug|Any CPU.ActiveCfg = Debug|Any CPU
		{2028B24F-E650-419A-AF9C-1A4097F6DCD4}.Debug|Any CPU.Build.0 = Debug|Any CPU
		{2028B24F-E650-419A-AF9C-1A4097F6DCD4}.Release|Any CPU.ActiveCfg = Release|Any CPU
		{2028B24F-E650-419A-AF9C-1A4097F6DCD4}.Release|Any CPU.Build.0 = Release|Any CPU
		{C4C36AA5-B76C-4993-B468-91ABED7E455F}.Debug|Any CPU.ActiveCfg = Debug|Any CPU
		{C4C36AA5-B76C-4993-B468-91ABED7E455F}.Debug|Any CPU.Build.0 = Debug|Any CPU
		{C4C36AA5-B76C-4993-B468-91ABED7E455F}.Release|Any CPU.ActiveCfg = Release|Any CPU
		{C4C36AA5-B76C-4993-B468-91ABED7E455F}.Release|Any CPU.Build.0 = Release|Any CPU
	EndGlobalSection
	GlobalSection(SolutionProperties) = preSolution
		HideSolutionNode = FALSE
	EndGlobalSection
EndGlobal
